
Microsoft Visual Studio Solution File, Format Version 12.00
# Visual Studio Version 17
VisualStudioVersion = 17.7.34302.85
MinimumVisualStudioVersion = 10.0.40219.1
Project("{2150E333-8FDC-42A3-9474-1A3956D46DE8}") = "BankingAccount", "BankingAccount", "{85928583-44F8-46F3-BE9A-5915C36A5E97}"
EndProject
Project("{2150E333-8FDC-42A3-9474-1A3956D46DE8}") = "Microservices", "Microservices", "{8C601AB6-81E2-45C0-8910-55B215F03310}"
EndProject
Project("{2150E333-8FDC-42A3-9474-1A3956D46DE8}") = "CQRS", "CQRS", "{EBB24FF4-BFB1-4470-A74E-53A63CDF5189}"
EndProject
Project("{2150E333-8FDC-42A3-9474-1A3956D46DE8}") = "Command", "Command", "{6FAB397A-F216-4D6B-B149-293BA798D0D3}"
EndProject
Project("{2150E333-8FDC-42A3-9474-1A3956D46DE8}") = "Query", "Query", "{242EA2FA-ED84-49BB-9D82-4C7ECFB79558}"
EndProject
Project("{9A19103F-16F7-4668-BE54-9A1E7A4F7556}") = "Banking.Cqrs.Core", "Banking.Cqrs.Core\Banking.Cqrs.Core.csproj", "{663F9CAE-2EC2-46EA-B4E1-4FFF0ABA2A44}"
EndProject
Project("{2150E333-8FDC-42A3-9474-1A3956D46DE8}") = "Api", "Api", "{AF0F3EFE-137F-4455-B5E1-6C7C51036257}"
EndProject
Project("{2150E333-8FDC-42A3-9474-1A3956D46DE8}") = "Application", "Application", "{040B08C8-5CF4-4F5D-A545-F19907B8E4CF}"
EndProject
Project("{2150E333-8FDC-42A3-9474-1A3956D46DE8}") = "Domain", "Domain", "{345D5A37-20EB-4129-9F79-3346FECB88F5}"
EndProject
Project("{2150E333-8FDC-42A3-9474-1A3956D46DE8}") = "Infraestructure", "Infraestructure", "{17E02415-F24A-42A1-AC75-EB23BF9CC0A3}"
EndProject
Project("{FAE04EC0-301F-11D3-BF4B-00C04F79EFBC}") = "Banking.Account.Command.Domain", "Banking.Account.Command.Domain\Banking.Account.Command.Domain.csproj", "{750BA46C-123D-4898-BB35-9F175EE8CECE}"
EndProject
Global
	GlobalSection(SolutionConfigurationPlatforms) = preSolution
		Debug|Any CPU = Debug|Any CPU
		Release|Any CPU = Release|Any CPU
	EndGlobalSection
	GlobalSection(ProjectConfigurationPlatforms) = postSolution
		{663F9CAE-2EC2-46EA-B4E1-4FFF0ABA2A44}.Debug|Any CPU.ActiveCfg = Debug|Any CPU
		{663F9CAE-2EC2-46EA-B4E1-4FFF0ABA2A44}.Debug|Any CPU.Build.0 = Debug|Any CPU
		{663F9CAE-2EC2-46EA-B4E1-4FFF0ABA2A44}.Release|Any CPU.ActiveCfg = Release|Any CPU
		{663F9CAE-2EC2-46EA-B4E1-4FFF0ABA2A44}.Release|Any CPU.Build.0 = Release|Any CPU
		{750BA46C-123D-4898-BB35-9F175EE8CECE}.Debug|Any CPU.ActiveCfg = Debug|Any CPU
		{750BA46C-123D-4898-BB35-9F175EE8CECE}.Debug|Any CPU.Build.0 = Debug|Any CPU
		{750BA46C-123D-4898-BB35-9F175EE8CECE}.Release|Any CPU.ActiveCfg = Release|Any CPU
		{750BA46C-123D-4898-BB35-9F175EE8CECE}.Release|Any CPU.Build.0 = Release|Any CPU
	EndGlobalSection
	GlobalSection(SolutionProperties) = preSolution
		HideSolutionNode = FALSE
	EndGlobalSection
	GlobalSection(NestedProjects) = preSolution
		{8C601AB6-81E2-45C0-8910-55B215F03310} = {85928583-44F8-46F3-BE9A-5915C36A5E97}
		{6FAB397A-F216-4D6B-B149-293BA798D0D3} = {8C601AB6-81E2-45C0-8910-55B215F03310}
		{242EA2FA-ED84-49BB-9D82-4C7ECFB79558} = {8C601AB6-81E2-45C0-8910-55B215F03310}
		{663F9CAE-2EC2-46EA-B4E1-4FFF0ABA2A44} = {EBB24FF4-BFB1-4470-A74E-53A63CDF5189}
		{AF0F3EFE-137F-4455-B5E1-6C7C51036257} = {6FAB397A-F216-4D6B-B149-293BA798D0D3}
		{040B08C8-5CF4-4F5D-A545-F19907B8E4CF} = {6FAB397A-F216-4D6B-B149-293BA798D0D3}
		{345D5A37-20EB-4129-9F79-3346FECB88F5} = {6FAB397A-F216-4D6B-B149-293BA798D0D3}
		{17E02415-F24A-42A1-AC75-EB23BF9CC0A3} = {6FAB397A-F216-4D6B-B149-293BA798D0D3}
		{750BA46C-123D-4898-BB35-9F175EE8CECE} = {345D5A37-20EB-4129-9F79-3346FECB88F5}
	EndGlobalSection
	GlobalSection(ExtensibilityGlobals) = postSolution
		SolutionGuid = {1315FCF6-C35B-4108-A190-BBB6CC08886C}
	EndGlobalSection
EndGlobal
